
Microsoft Visual Studio Solution File, Format Version 12.00
# Visual Studio Version 17
VisualStudioVersion = 17.6.33712.159
MinimumVisualStudioVersion = 10.0.40219.1
Project("{FAE04EC0-301F-11D3-BF4B-00C04F79EFBC}") = "SuperchargedPatch", "patch\SuperchargedPatch.csproj", "{76484741-A996-4E98-ACA9-FDBF5A6D234C}"
EndProject
Project("{9A19103F-16F7-4668-BE54-9A1E7A4F7556}") = "controller", "controller\controller.csproj", "{A0E28C21-CDCC-4B06-BA0D-83A20C6D3C58}"
EndProject
Project("{9A19103F-16F7-4668-BE54-9A1E7A4F7556}") = "Thrift", "thrift\Thrift\Thrift.csproj", "{1749C311-146B-44BC-98C7-FFB5BD566C0B}"
EndProject
Project("{FAE04EC0-301F-11D3-BF4B-00C04F79EFBC}") = "DebugPatch", "debugpatch\DebugPatch.csproj", "{A675A4D0-0E06-42F4-9734-F8658824F3D7}"
EndProject
Global
	GlobalSection(SolutionConfigurationPlatforms) = preSolution
		Debug|Any CPU = Debug|Any CPU
		Release|Any CPU = Release|Any CPU
	EndGlobalSection
	GlobalSection(ProjectConfigurationPlatforms) = postSolution
		{76484741-A996-4E98-ACA9-FDBF5A6D234C}.Debug|Any CPU.ActiveCfg = Debug|Any CPU
		{76484741-A996-4E98-ACA9-FDBF5A6D234C}.Debug|Any CPU.Build.0 = Debug|Any CPU
		{76484741-A996-4E98-ACA9-FDBF5A6D234C}.Release|Any CPU.ActiveCfg = Release|Any CPU
		{76484741-A996-4E98-ACA9-FDBF5A6D234C}.Release|Any CPU.Build.0 = Release|Any CPU
		{A0E28C21-CDCC-4B06-BA0D-83A20C6D3C58}.Debug|Any CPU.ActiveCfg = Debug|Any CPU
		{A0E28C21-CDCC-4B06-BA0D-83A20C6D3C58}.Debug|Any CPU.Build.0 = Debug|Any CPU
		{A0E28C21-CDCC-4B06-BA0D-83A20C6D3C58}.Release|Any CPU.ActiveCfg = Release|Any CPU
		{A0E28C21-CDCC-4B06-BA0D-83A20C6D3C58}.Release|Any CPU.Build.0 = Release|Any CPU
		{1749C311-146B-44BC-98C7-FFB5BD566C0B}.Debug|Any CPU.ActiveCfg = Debug|Any CPU
		{1749C311-146B-44BC-98C7-FFB5BD566C0B}.Debug|Any CPU.Build.0 = Debug|Any CPU
		{1749C311-146B-44BC-98C7-FFB5BD566C0B}.Release|Any CPU.ActiveCfg = Release|Any CPU
		{1749C311-146B-44BC-98C7-FFB5BD566C0B}.Release|Any CPU.Build.0 = Release|Any CPU
		{A675A4D0-0E06-42F4-9734-F8658824F3D7}.Debug|Any CPU.ActiveCfg = Debug|Any CPU
		{A675A4D0-0E06-42F4-9734-F8658824F3D7}.Debug|Any CPU.Build.0 = Debug|Any CPU
		{A675A4D0-0E06-42F4-9734-F8658824F3D7}.Release|Any CPU.ActiveCfg = Release|Any CPU
		{A675A4D0-0E06-42F4-9734-F8658824F3D7}.Release|Any CPU.Build.0 = Release|Any CPU
	EndGlobalSection
	GlobalSection(SolutionProperties) = preSolution
		HideSolutionNode = FALSE
	EndGlobalSection
	GlobalSection(ExtensibilityGlobals) = postSolution
		SolutionGuid = {E9C86D3D-32AB-44C9-8167-91430BCE1890}
	EndGlobalSection
EndGlobal
