
Microsoft Visual Studio Solution File, Format Version 12.00
# Visual Studio Version 16
VisualStudioVersion = 16.0.29728.190
MinimumVisualStudioVersion = 10.0.40219.1
Project("{9A19103F-16F7-4668-BE54-9A1E7A4F7556}") = "ai", "ai.csproj", "{8A5C75BB-028A-4685-B0EB-11FD67B287B4}"
EndProject
Global
	GlobalSection(SolutionConfigurationPlatforms) = preSolution
		Debug|Any CPU = Debug|Any CPU
		Release|Any CPU = Release|Any CPU
	EndGlobalSection
	GlobalSection(ProjectConfigurationPlatforms) = postSolution
		{8A5C75BB-028A-4685-B0EB-11FD67B287B4}.Debug|Any CPU.ActiveCfg = Debug|Any CPU
		{8A5C75BB-028A-4685-B0EB-11FD67B287B4}.Debug|Any CPU.Build.0 = Debug|Any CPU
		{8A5C75BB-028A-4685-B0EB-11FD67B287B4}.Release|Any CPU.ActiveCfg = Release|Any CPU
		{8A5C75BB-028A-4685-B0EB-11FD67B287B4}.Release|Any CPU.Build.0 = Release|Any CPU
	EndGlobalSection
	GlobalSection(SolutionProperties) = preSolution
		HideSolutionNode = FALSE
	EndGlobalSection
	GlobalSection(ExtensibilityGlobals) = postSolution
		SolutionGuid = {A5E559B1-979A-403B-BAF8-B2935C9B2AB1}
	EndGlobalSection
EndGlobal
